
Microsoft Visual Studio Solution File, Format Version 12.00
# Visual Studio Version 17
VisualStudioVersion = 17.9.34616.47
MinimumVisualStudioVersion = 10.0.40219.1
Project("{FAE04EC0-301F-11D3-BF4B-00C04F79EFBC}") = "Assignment_3", "Assignment_3\Assignment_3.csproj", "{D99BED0E-0203-4D23-9D6E-F973C58B935E}"
EndProject
Global
	GlobalSection(SolutionConfigurationPlatforms) = preSolution
		Debug|Any CPU = Debug|Any CPU
		Release|Any CPU = Release|Any CPU
	EndGlobalSection
	GlobalSection(ProjectConfigurationPlatforms) = postSolution
		{D99BED0E-0203-4D23-9D6E-F973C58B935E}.Debug|Any CPU.ActiveCfg = Debug|Any CPU
		{D99BED0E-0203-4D23-9D6E-F973C58B935E}.Debug|Any CPU.Build.0 = Debug|Any CPU
		{D99BED0E-0203-4D23-9D6E-F973C58B935E}.Release|Any CPU.ActiveCfg = Release|Any CPU
		{D99BED0E-0203-4D23-9D6E-F973C58B935E}.Release|Any CPU.Build.0 = Release|Any CPU
	EndGlobalSection
	GlobalSection(SolutionProperties) = preSolution
		HideSolutionNode = FALSE
	EndGlobalSection
	GlobalSection(ExtensibilityGlobals) = postSolution
		SolutionGuid = {0FCB9259-4813-47A9-833A-1DFEE202CF91}
	EndGlobalSection
EndGlobal
